// !$*UTF8*$!
{
	archiveVersion = 1;
	classes = {
	};
	objectVersion = 46;
	objects = {

/* Begin PBXBuildFile section */
		AE49DEAE1B026F5A004638BF /* main.cpp in Sources */ = {isa = PBXBuildFile; fileRef = AE49DEAD1B026F5A004638BF /* main.cpp */; };
/* End PBXBuildFile section */

/* Begin PBXCopyFilesBuildPhase section */
		AE49DE901B026A8E004638BF /* CopyFiles */ = {
			isa = PBXCopyFilesBuildPhase;
			buildActionMask = 2147483647;
			dstPath = /usr/share/man/man1/;
			dstSubfolderSpec = 0;
			files = (
			);
			runOnlyForDeploymentPostprocessing = 1;
		};
/* End PBXCopyFilesBuildPhase section */

/* Begin PBXFileReference section */
		AE49DE921B026A8E004638BF /* ExamenFinalEje1 */ = {isa = PBXFileReference; explicitFileType = "compiled.mach-o.executable"; includeInIndex = 0; path = ExamenFinalEje1; sourceTree = BUILT_PRODUCTS_DIR; };
		AE49DEA11B026C5B004638BF /* Edge.h */ = {isa = PBXFileReference; fileEncoding = 4; lastKnownFileType = sourcecode.c.h; path = Edge.h; sourceTree = "<group>"; };
		AE49DEA31B026C5B004638BF /* Graph.h */ = {isa = PBXFileReference; fileEncoding = 4; lastKnownFileType = sourcecode.c.h; path = Graph.h; sourceTree = "<group>"; };
		AE49DEA41B026C5B004638BF /* Helper.h */ = {isa = PBXFileReference; fileEncoding = 4; lastKnownFileType = sourcecode.c.h; path = Helper.h; sourceTree = "<group>"; };
		AE49DEA81B026C5B004638BF /* Vertex.h */ = {isa = PBXFileReference; fileEncoding = 4; lastKnownFileType = sourcecode.c.h; path = Vertex.h; sourceTree = "<group>"; };
		AE49DEAB1B026E7A004638BF /* City.h */ = {isa = PBXFileReference; lastKnownFileType = sourcecode.c.h; path = City.h; sourceTree = "<group>"; };
		AE49DEAC1B026E7A004638BF /* Road.h */ = {isa = PBXFileReference; lastKnownFileType = sourcecode.c.h; path = Road.h; sourceTree = "<group>"; };
		AE49DEAD1B026F5A004638BF /* main.cpp */ = {isa = PBXFileReference; fileEncoding = 4; lastKnownFileType = sourcecode.cpp.cpp; path = main.cpp; sourceTree = "<group>"; };
/* End PBXFileReference section */

/* Begin PBXFrameworksBuildPhase section */
		AE49DE8F1B026A8E004638BF /* Frameworks */ = {
			isa = PBXFrameworksBuildPhase;
			buildActionMask = 2147483647;
			files = (
			);
			runOnlyForDeploymentPostprocessing = 0;
		};
/* End PBXFrameworksBuildPhase section */

/* Begin PBXGroup section */
		AE49DE891B026A8E004638BF = {
			isa = PBXGroup;
			children = (
				AE49DE941B026A8E004638BF /* ExamenFinalEje1 */,
				AE49DE931B026A8E004638BF /* Products */,
			);
			sourceTree = "<group>";
		};
		AE49DE931B026A8E004638BF /* Products */ = {
			isa = PBXGroup;
			children = (
				AE49DE921B026A8E004638BF /* ExamenFinalEje1 */,
			);
			name = Products;
			sourceTree = "<group>";
		};
		AE49DE941B026A8E004638BF /* ExamenFinalEje1 */ = {
			isa = PBXGroup;
			children = (
				AE49DEA11B026C5B004638BF /* Edge.h */,
				AE49DEA31B026C5B004638BF /* Graph.h */,
				AE49DEAB1B026E7A004638BF /* City.h */,
				AE49DEAD1B026F5A004638BF /* main.cpp */,
				AE49DEAC1B026E7A004638BF /* Road.h */,
				AE49DEA41B026C5B004638BF /* Helper.h */,
				AE49DEA81B026C5B004638BF /* Vertex.h */,
			);
			path = ExamenFinalEje1;
			sourceTree = "<group>";
		};
/* End PBXGroup section */

/* Begin PBXNativeTarget section */
		AE49DE911B026A8E004638BF /* ExamenFinalEje1 */ = {
			isa = PBXNativeTarget;
			buildConfigurationList = AE49DE991B026A8E004638BF /* Build configuration list for PBXNativeTarget "ExamenFinalEje1" */;
			buildPhases = (
				AE49DE8E1B026A8E004638BF /* Sources */,
				AE49DE8F1B026A8E004638BF /* Frameworks */,
				AE49DE901B026A8E004638BF /* CopyFiles */,
			);
			buildRules = (
			);
			dependencies = (
			);
			name = ExamenFinalEje1;
			productName = ExamenFinalEje1;
			productReference = AE49DE921B026A8E004638BF /* ExamenFinalEje1 */;
			productType = "com.apple.product-type.tool";
		};
/* End PBXNativeTarget section */

/* Begin PBXProject section */
		AE49DE8A1B026A8E004638BF /* Project object */ = {
			isa = PBXProject;
			attributes = {
				LastUpgradeCheck = 0610;
				ORGANIZATIONNAME = "Santiago Rodriguez Fernandez";
				TargetAttributes = {
					AE49DE911B026A8E004638BF = {
						CreatedOnToolsVersion = 6.1.1;
					};
				};
			};
			buildConfigurationList = AE49DE8D1B026A8E004638BF /* Build configuration list for PBXProject "ExamenFinalEje1" */;
			compatibilityVersion = "Xcode 3.2";
			developmentRegion = English;
			hasScannedForEncodings = 0;
			knownRegions = (
				en,
			);
			mainGroup = AE49DE891B026A8E004638BF;
			productRefGroup = AE49DE931B026A8E004638BF /* Products */;
			projectDirPath = "";
			projectRoot = "";
			targets = (
				AE49DE911B026A8E004638BF /* ExamenFinalEje1 */,
			);
		};
/* End PBXProject section */

/* Begin PBXSourcesBuildPhase section */
		AE49DE8E1B026A8E004638BF /* Sources */ = {
			isa = PBXSourcesBuildPhase;
			buildActionMask = 2147483647;
			files = (
				AE49DEAE1B026F5A004638BF /* main.cpp in Sources */,
			);
			runOnlyForDeploymentPostprocessing = 0;
		};
/* End PBXSourcesBuildPhase section */

/* Begin XCBuildConfiguration section */
		AE49DE971B026A8E004638BF /* Debug */ = {
			isa = XCBuildConfiguration;
			buildSettings = {
				ALWAYS_SEARCH_USER_PATHS = NO;
				CLANG_CXX_LANGUAGE_STANDARD = "gnu++0x";
				CLANG_CXX_LIBRARY = "libc++";
				CLANG_ENABLE_MODULES = YES;
				CLANG_ENABLE_OBJC_ARC = YES;
				CLANG_WARN_BOOL_CONVERSION = YES;
				CLANG_WARN_CONSTANT_CONVERSION = YES;
				CLANG_WARN_DIRECT_OBJC_ISA_USAGE = YES_ERROR;
				CLANG_WARN_EMPTY_BODY = YES;
				CLANG_WARN_ENUM_CONVERSION = YES;
				CLANG_WARN_INT_CONVERSION = YES;
				CLANG_WARN_OBJC_ROOT_CLASS = YES_ERROR;
				CLANG_WARN_UNREACHABLE_CODE = YES;
				CLANG_WARN__DUPLICATE_METHOD_MATCH = YES;
				COPY_PHASE_STRIP = NO;
				ENABLE_STRICT_OBJC_MSGSEND = YES;
				GCC_C_LANGUAGE_STANDARD = gnu99;
				GCC_DYNAMIC_NO_PIC = NO;
				GCC_OPTIMIZATION_LEVEL = 0;
				GCC_PREPROCESSOR_DEFINITIONS = (
					"DEBUG=1",
					"$(inherited)",
				);
				GCC_SYMBOLS_PRIVATE_EXTERN = NO;
				GCC_WARN_64_TO_32_BIT_CONVERSION = YES;
				GCC_WARN_ABOUT_RETURN_TYPE = YES_ERROR;
				GCC_WARN_UNDECLARED_SELECTOR = YES;
				GCC_WARN_UNINITIALIZED_AUTOS = YES_AGGRESSIVE;
				GCC_WARN_UNUSED_FUNCTION = YES;
				GCC_WARN_UNUSED_VARIABLE = YES;
				MACOSX_DEPLOYMENT_TARGET = 10.9;
				MTL_ENABLE_DEBUG_INFO = YES;
				ONLY_ACTIVE_ARCH = YES;
				SDKROOT = macosx;
			};
			name = Debug;
		};
		AE49DE981B026A8E004638BF /* Release */ = {
			isa = XCBuildConfiguration;
			buildSettings = {
				ALWAYS_SEARCH_USER_PATHS = NO;
				CLANG_CXX_LANGUAGE_STANDARD = "gnu++0x";
				CLANG_CXX_LIBRARY = "libc++";
				CLANG_ENABLE_MODULES = YES;
				CLANG_ENABLE_OBJC_ARC = YES;
				CLANG_WARN_BOOL_CONVERSION = YES;
				CLANG_WARN_CONSTANT_CONVERSION = YES;
				CLANG_WARN_DIRECT_OBJC_ISA_USAGE = YES_ERROR;
				CLANG_WARN_EMPTY_BODY = YES;
				CLANG_WARN_ENUM_CONVERSION = YES;
				CLANG_WARN_INT_CONVERSION = YES;
				CLANG_WARN_OBJC_ROOT_CLASS = YES_ERROR;
				CLANG_WARN_UNREACHABLE_CODE = YES;
				CLANG_WARN__DUPLICATE_METHOD_MATCH = YES;
				COPY_PHASE_STRIP = YES;
				DEBUG_INFORMATION_FORMAT = "dwarf-with-dsym";
				ENABLE_NS_ASSERTIONS = NO;
				ENABLE_STRICT_OBJC_MSGSEND = YES;
				GCC_C_LANGUAGE_STANDARD = gnu99;
				GCC_WARN_64_TO_32_BIT_CONVERSION = YES;
				GCC_WARN_ABOUT_RETURN_TYPE = YES_ERROR;
				GCC_WARN_UNDECLARED_SELECTOR = YES;
				GCC_WARN_UNINITIALIZED_AUTOS = YES_AGGRESSIVE;
				GCC_WARN_UNUSED_FUNCTION = YES;
				GCC_WARN_UNUSED_VARIABLE = YES;
				MACOSX_DEPLOYMENT_TARGET = 10.9;
				MTL_ENABLE_DEBUG_INFO = NO;
				SDKROOT = macosx;
			};
			name = Release;
		};
		AE49DE9A1B026A8E004638BF /* Debug */ = {
			isa = XCBuildConfiguration;
			buildSettings = {
				PRODUCT_NAME = "$(TARGET_NAME)";
			};
			name = Debug;
		};
		AE49DE9B1B026A8E004638BF /* Release */ = {
			isa = XCBuildConfiguration;
			buildSettings = {
				PRODUCT_NAME = "$(TARGET_NAME)";
			};
			name = Release;
		};
/* End XCBuildConfiguration section */

/* Begin XCConfigurationList section */
		AE49DE8D1B026A8E004638BF /* Build configuration list for PBXProject "ExamenFinalEje1" */ = {
			isa = XCConfigurationList;
			buildConfigurations = (
				AE49DE971B026A8E004638BF /* Debug */,
				AE49DE981B026A8E004638BF /* Release */,
			);
			defaultConfigurationIsVisible = 0;
			defaultConfigurationName = Release;
		};
		AE49DE991B026A8E004638BF /* Build configuration list for PBXNativeTarget "ExamenFinalEje1" */ = {
			isa = XCConfigurationList;
			buildConfigurations = (
				AE49DE9A1B026A8E004638BF /* Debug */,
				AE49DE9B1B026A8E004638BF /* Release */,
			);
			defaultConfigurationIsVisible = 0;
		};
/* End XCConfigurationList section */
	};
	rootObject = AE49DE8A1B026A8E004638BF /* Project object */;
}
