// !$*UTF8*$!
{
	archiveVersion = 1;
	classes = {
	};
	objectVersion = 46;
	objects = {

/* Begin PBXBuildFile section */
		AE05538A1AE9D6E3004B987A /* main.cpp in Sources */ = {isa = PBXBuildFile; fileRef = AE0553891AE9D6E3004B987A /* main.cpp */; };
/* End PBXBuildFile section */

/* Begin PBXCopyFilesBuildPhase section */
		AE0553841AE9D6E3004B987A /* CopyFiles */ = {
			isa = PBXCopyFilesBuildPhase;
			buildActionMask = 2147483647;
			dstPath = /usr/share/man/man1/;
			dstSubfolderSpec = 0;
			files = (
			);
			runOnlyForDeploymentPostprocessing = 1;
		};
/* End PBXCopyFilesBuildPhase section */

/* Begin PBXFileReference section */
		AE0553861AE9D6E3004B987A /* tarea5eje2 */ = {isa = PBXFileReference; explicitFileType = "compiled.mach-o.executable"; includeInIndex = 0; path = tarea5eje2; sourceTree = BUILT_PRODUCTS_DIR; };
		AE0553891AE9D6E3004B987A /* main.cpp */ = {isa = PBXFileReference; lastKnownFileType = sourcecode.cpp.cpp; path = main.cpp; sourceTree = "<group>"; };
		AE0553901AE9D70A004B987A /* BinaryTree.h */ = {isa = PBXFileReference; lastKnownFileType = sourcecode.c.h; path = BinaryTree.h; sourceTree = "<group>"; };
		AE0553911AE9D70F004B987A /* BNode.h */ = {isa = PBXFileReference; lastKnownFileType = sourcecode.c.h; path = BNode.h; sourceTree = "<group>"; };
/* End PBXFileReference section */

/* Begin PBXFrameworksBuildPhase section */
		AE0553831AE9D6E3004B987A /* Frameworks */ = {
			isa = PBXFrameworksBuildPhase;
			buildActionMask = 2147483647;
			files = (
			);
			runOnlyForDeploymentPostprocessing = 0;
		};
/* End PBXFrameworksBuildPhase section */

/* Begin PBXGroup section */
		AE05537D1AE9D6E2004B987A = {
			isa = PBXGroup;
			children = (
				AE0553881AE9D6E3004B987A /* tarea5eje2 */,
				AE0553871AE9D6E3004B987A /* Products */,
			);
			sourceTree = "<group>";
		};
		AE0553871AE9D6E3004B987A /* Products */ = {
			isa = PBXGroup;
			children = (
				AE0553861AE9D6E3004B987A /* tarea5eje2 */,
			);
			name = Products;
			sourceTree = "<group>";
		};
		AE0553881AE9D6E3004B987A /* tarea5eje2 */ = {
			isa = PBXGroup;
			children = (
				AE0553911AE9D70F004B987A /* BNode.h */,
				AE0553901AE9D70A004B987A /* BinaryTree.h */,
				AE0553891AE9D6E3004B987A /* main.cpp */,
			);
			path = tarea5eje2;
			sourceTree = "<group>";
		};
/* End PBXGroup section */

/* Begin PBXNativeTarget section */
		AE0553851AE9D6E3004B987A /* tarea5eje2 */ = {
			isa = PBXNativeTarget;
			buildConfigurationList = AE05538D1AE9D6E3004B987A /* Build configuration list for PBXNativeTarget "tarea5eje2" */;
			buildPhases = (
				AE0553821AE9D6E3004B987A /* Sources */,
				AE0553831AE9D6E3004B987A /* Frameworks */,
				AE0553841AE9D6E3004B987A /* CopyFiles */,
			);
			buildRules = (
			);
			dependencies = (
			);
			name = tarea5eje2;
			productName = tarea5eje2;
			productReference = AE0553861AE9D6E3004B987A /* tarea5eje2 */;
			productType = "com.apple.product-type.tool";
		};
/* End PBXNativeTarget section */

/* Begin PBXProject section */
		AE05537E1AE9D6E2004B987A /* Project object */ = {
			isa = PBXProject;
			attributes = {
				LastUpgradeCheck = 0610;
				ORGANIZATIONNAME = "Santiago Rodriguez Fernandez";
				TargetAttributes = {
					AE0553851AE9D6E3004B987A = {
						CreatedOnToolsVersion = 6.1.1;
					};
				};
			};
			buildConfigurationList = AE0553811AE9D6E2004B987A /* Build configuration list for PBXProject "tarea5eje2" */;
			compatibilityVersion = "Xcode 3.2";
			developmentRegion = English;
			hasScannedForEncodings = 0;
			knownRegions = (
				en,
			);
			mainGroup = AE05537D1AE9D6E2004B987A;
			productRefGroup = AE0553871AE9D6E3004B987A /* Products */;
			projectDirPath = "";
			projectRoot = "";
			targets = (
				AE0553851AE9D6E3004B987A /* tarea5eje2 */,
			);
		};
/* End PBXProject section */

/* Begin PBXSourcesBuildPhase section */
		AE0553821AE9D6E3004B987A /* Sources */ = {
			isa = PBXSourcesBuildPhase;
			buildActionMask = 2147483647;
			files = (
				AE05538A1AE9D6E3004B987A /* main.cpp in Sources */,
			);
			runOnlyForDeploymentPostprocessing = 0;
		};
/* End PBXSourcesBuildPhase section */

/* Begin XCBuildConfiguration section */
		AE05538B1AE9D6E3004B987A /* Debug */ = {
			isa = XCBuildConfiguration;
			buildSettings = {
				ALWAYS_SEARCH_USER_PATHS = NO;
				CLANG_CXX_LANGUAGE_STANDARD = "gnu++0x";
				CLANG_CXX_LIBRARY = "libc++";
				CLANG_ENABLE_MODULES = YES;
				CLANG_ENABLE_OBJC_ARC = YES;
				CLANG_WARN_BOOL_CONVERSION = YES;
				CLANG_WARN_CONSTANT_CONVERSION = YES;
				CLANG_WARN_DIRECT_OBJC_ISA_USAGE = YES_ERROR;
				CLANG_WARN_EMPTY_BODY = YES;
				CLANG_WARN_ENUM_CONVERSION = YES;
				CLANG_WARN_INT_CONVERSION = YES;
				CLANG_WARN_OBJC_ROOT_CLASS = YES_ERROR;
				CLANG_WARN_UNREACHABLE_CODE = YES;
				CLANG_WARN__DUPLICATE_METHOD_MATCH = YES;
				COPY_PHASE_STRIP = NO;
				ENABLE_STRICT_OBJC_MSGSEND = YES;
				GCC_C_LANGUAGE_STANDARD = gnu99;
				GCC_DYNAMIC_NO_PIC = NO;
				GCC_OPTIMIZATION_LEVEL = 0;
				GCC_PREPROCESSOR_DEFINITIONS = (
					"DEBUG=1",
					"$(inherited)",
				);
				GCC_SYMBOLS_PRIVATE_EXTERN = NO;
				GCC_WARN_64_TO_32_BIT_CONVERSION = YES;
				GCC_WARN_ABOUT_RETURN_TYPE = YES_ERROR;
				GCC_WARN_UNDECLARED_SELECTOR = YES;
				GCC_WARN_UNINITIALIZED_AUTOS = YES_AGGRESSIVE;
				GCC_WARN_UNUSED_FUNCTION = YES;
				GCC_WARN_UNUSED_VARIABLE = YES;
				MACOSX_DEPLOYMENT_TARGET = 10.9;
				MTL_ENABLE_DEBUG_INFO = YES;
				ONLY_ACTIVE_ARCH = YES;
				SDKROOT = macosx;
			};
			name = Debug;
		};
		AE05538C1AE9D6E3004B987A /* Release */ = {
			isa = XCBuildConfiguration;
			buildSettings = {
				ALWAYS_SEARCH_USER_PATHS = NO;
				CLANG_CXX_LANGUAGE_STANDARD = "gnu++0x";
				CLANG_CXX_LIBRARY = "libc++";
				CLANG_ENABLE_MODULES = YES;
				CLANG_ENABLE_OBJC_ARC = YES;
				CLANG_WARN_BOOL_CONVERSION = YES;
				CLANG_WARN_CONSTANT_CONVERSION = YES;
				CLANG_WARN_DIRECT_OBJC_ISA_USAGE = YES_ERROR;
				CLANG_WARN_EMPTY_BODY = YES;
				CLANG_WARN_ENUM_CONVERSION = YES;
				CLANG_WARN_INT_CONVERSION = YES;
				CLANG_WARN_OBJC_ROOT_CLASS = YES_ERROR;
				CLANG_WARN_UNREACHABLE_CODE = YES;
				CLANG_WARN__DUPLICATE_METHOD_MATCH = YES;
				COPY_PHASE_STRIP = YES;
				DEBUG_INFORMATION_FORMAT = "dwarf-with-dsym";
				ENABLE_NS_ASSERTIONS = NO;
				ENABLE_STRICT_OBJC_MSGSEND = YES;
				GCC_C_LANGUAGE_STANDARD = gnu99;
				GCC_WARN_64_TO_32_BIT_CONVERSION = YES;
				GCC_WARN_ABOUT_RETURN_TYPE = YES_ERROR;
				GCC_WARN_UNDECLARED_SELECTOR = YES;
				GCC_WARN_UNINITIALIZED_AUTOS = YES_AGGRESSIVE;
				GCC_WARN_UNUSED_FUNCTION = YES;
				GCC_WARN_UNUSED_VARIABLE = YES;
				MACOSX_DEPLOYMENT_TARGET = 10.9;
				MTL_ENABLE_DEBUG_INFO = NO;
				SDKROOT = macosx;
			};
			name = Release;
		};
		AE05538E1AE9D6E3004B987A /* Debug */ = {
			isa = XCBuildConfiguration;
			buildSettings = {
				PRODUCT_NAME = "$(TARGET_NAME)";
			};
			name = Debug;
		};
		AE05538F1AE9D6E3004B987A /* Release */ = {
			isa = XCBuildConfiguration;
			buildSettings = {
				PRODUCT_NAME = "$(TARGET_NAME)";
			};
			name = Release;
		};
/* End XCBuildConfiguration section */

/* Begin XCConfigurationList section */
		AE0553811AE9D6E2004B987A /* Build configuration list for PBXProject "tarea5eje2" */ = {
			isa = XCConfigurationList;
			buildConfigurations = (
				AE05538B1AE9D6E3004B987A /* Debug */,
				AE05538C1AE9D6E3004B987A /* Release */,
			);
			defaultConfigurationIsVisible = 0;
			defaultConfigurationName = Release;
		};
		AE05538D1AE9D6E3004B987A /* Build configuration list for PBXNativeTarget "tarea5eje2" */ = {
			isa = XCConfigurationList;
			buildConfigurations = (
				AE05538E1AE9D6E3004B987A /* Debug */,
				AE05538F1AE9D6E3004B987A /* Release */,
			);
			defaultConfigurationIsVisible = 0;
		};
/* End XCConfigurationList section */
	};
	rootObject = AE05537E1AE9D6E2004B987A /* Project object */;
}
